
Microsoft Visual Studio Solution File, Format Version 12.00
# Visual Studio Version 16
VisualStudioVersion = 25.0.1704.2
MinimumVisualStudioVersion = 10.0.40219.1
Project("{FAE04EC0-301F-11D3-BF4B-00C04F79EFBC}") = "LineComparisonComputation", "LineComparisonComputation\LineComparisonComputation.csproj", "{A0B82A51-F463-47F5-B740-8B8C48B37146}"
EndProject
Global
	GlobalSection(SolutionConfigurationPlatforms) = preSolution
		Debug|Any CPU = Debug|Any CPU
		Release|Any CPU = Release|Any CPU
	EndGlobalSection
	GlobalSection(ProjectConfigurationPlatforms) = postSolution
		{A0B82A51-F463-47F5-B740-8B8C48B37146}.Debug|Any CPU.ActiveCfg = Debug|Any CPU
		{A0B82A51-F463-47F5-B740-8B8C48B37146}.Debug|Any CPU.Build.0 = Debug|Any CPU
		{A0B82A51-F463-47F5-B740-8B8C48B37146}.Release|Any CPU.ActiveCfg = Release|Any CPU
		{A0B82A51-F463-47F5-B740-8B8C48B37146}.Release|Any CPU.Build.0 = Release|Any CPU
	EndGlobalSection
	GlobalSection(SolutionProperties) = preSolution
		HideSolutionNode = FALSE
	EndGlobalSection
	GlobalSection(ExtensibilityGlobals) = postSolution
		SolutionGuid = {E389A75F-B400-459F-A0F9-FE543176E81D}
	EndGlobalSection
EndGlobal
